{
  "version": 4,
  "terraform_version": "1.13.5",
  "serial": 31,
  "lineage": "74e52620-234c-5b98-e32a-264a38efbee5",
  "outputs": {},
  "resources": [
    {
      "module": "module.governance",
      "mode": "data",
      "type": "aws_caller_identity",
      "name": "current",
      "provider": "provider[\"registry.terraform.io/hashicorp/aws\"]",
      "instances": [
        {
          "schema_version": 0,
          "attributes": {
            "account_id": "766789219705",
            "arn": "arn:aws:iam::766789219705:user/jabulanimeki",
            "id": "766789219705",
            "user_id": "AIDA3FCBS6V47YB6LG4CS"
          },
          "sensitive_attributes": [],
          "identity_schema_version": 0
        }
      ]
    },
    {
      "module": "module.governance",
      "mode": "managed",
      "type": "aws_athena_workgroup",
      "name": "main",
      "provider": "provider[\"registry.terraform.io/hashicorp/aws\"]",
      "instances": [
        {
          "schema_version": 0,
          "attributes": {
            "arn": "arn:aws:athena:us-east-1:766789219705:workgroup/datalake_workgroup",
            "configuration": [
              {
                "bytes_scanned_cutoff_per_query": 0,
                "customer_content_encryption_configuration": [],
                "enable_minimum_encryption_configuration": false,
                "enforce_workgroup_configuration": true,
                "engine_version": [
                  {
                    "effective_engine_version": "Athena engine version 3",
                    "selected_engine_version": "AUTO"
                  }
                ],
                "execution_role": "",
                "identity_center_configuration": [],
                "managed_query_results_configuration": [],
                "monitoring_configuration": [],
                "publish_cloudwatch_metrics_enabled": true,
                "requester_pays_enabled": false,
                "result_configuration": [
                  {
                    "acl_configuration": [],
                    "encryption_configuration": [],
                    "expected_bucket_owner": "",
                    "output_location": "s3://jabu-datalake-488186fc/athena-results/"
                  }
                ]
              }
            ],
            "description": "",
            "force_destroy": false,
            "id": "datalake_workgroup",
            "name": "datalake_workgroup",
            "region": "us-east-1",
            "state": "ENABLED",
            "tags": {},
            "tags_all": {}
          },
          "sensitive_attributes": [],
          "identity_schema_version": 0,
          "private": "bnVsbA==",
          "dependencies": [
            "module.storage.aws_s3_bucket.datalake_bucket",
            "module.storage.random_id.bucket_suffix"
          ]
        }
      ]
    },
    {
      "module": "module.governance",
      "mode": "managed",
      "type": "aws_glue_catalog_database",
      "name": "datalake_db",
      "provider": "provider[\"registry.terraform.io/hashicorp/aws\"]",
      "instances": [
        {
          "schema_version": 0,
          "attributes": {
            "arn": "arn:aws:glue:us-east-1:766789219705:database/multi_tenant_datalake_dev",
            "catalog_id": "766789219705",
            "create_table_default_permission": [
              {
                "permissions": [
                  "ALL"
                ],
                "principal": [
                  {
                    "data_lake_principal_identifier": "IAM_ALLOWED_PRINCIPALS"
                  }
                ]
              }
            ],
            "description": "",
            "federated_database": [],
            "id": "766789219705:multi_tenant_datalake_dev",
            "location_uri": "",
            "name": "multi_tenant_datalake_dev",
            "parameters": {},
            "region": "us-east-1",
            "tags": {},
            "tags_all": {},
            "target_database": []
          },
          "sensitive_attributes": [],
          "identity_schema_version": 0,
          "private": "bnVsbA=="
        }
      ]
    },
    {
      "module": "module.governance",
      "mode": "managed",
      "type": "aws_glue_catalog_table",
      "name": "tenant_data",
      "provider": "provider[\"registry.terraform.io/hashicorp/aws\"]",
      "instances": [
        {
          "schema_version": 0,
          "attributes": {
            "arn": "arn:aws:glue:us-east-1:766789219705:table/multi_tenant_datalake_dev/tenant_data",
            "catalog_id": "766789219705",
            "database_name": "multi_tenant_datalake_dev",
            "description": "",
            "id": "766789219705:multi_tenant_datalake_dev:tenant_data",
            "name": "tenant_data",
            "open_table_format_input": [],
            "owner": "",
            "parameters": {
              "classification": "parquet"
            },
            "partition_index": [],
            "partition_keys": [
              {
                "comment": "",
                "name": "tenant_id",
                "parameters": {},
                "type": "string"
              }
            ],
            "region": "us-east-1",
            "retention": 0,
            "storage_descriptor": [
              {
                "additional_locations": [],
                "bucket_columns": [],
                "columns": [
                  {
                    "comment": "",
                    "name": "id",
                    "parameters": {},
                    "type": "int"
                  },
                  {
                    "comment": "",
                    "name": "name",
                    "parameters": {},
                    "type": "string"
                  }
                ],
                "compressed": false,
                "input_format": "org.apache.hadoop.hive.ql.io.parquet.MapredParquetInputFormat",
                "location": "s3://jabu-datalake-488186fc/curated",
                "number_of_buckets": 0,
                "output_format": "org.apache.hadoop.hive.ql.io.parquet.MapredParquetOutputFormat",
                "parameters": {},
                "schema_reference": [],
                "ser_de_info": [
                  {
                    "name": "parquet",
                    "parameters": {},
                    "serialization_library": "org.apache.hadoop.hive.ql.io.parquet.serde.ParquetHiveSerDe"
                  }
                ],
                "skewed_info": [],
                "sort_columns": [],
                "stored_as_sub_directories": false
              }
            ],
            "table_type": "EXTERNAL_TABLE",
            "target_table": [],
            "view_expanded_text": "",
            "view_original_text": ""
          },
          "sensitive_attributes": [],
          "identity_schema_version": 0,
          "private": "bnVsbA==",
          "dependencies": [
            "module.governance.aws_glue_catalog_database.datalake_db",
            "module.storage.aws_s3_bucket.datalake_bucket",
            "module.storage.random_id.bucket_suffix"
          ]
        }
      ]
    },
    {
      "module": "module.governance",
      "mode": "managed",
      "type": "aws_iam_role",
      "name": "tenant_viewer",
      "provider": "provider[\"registry.terraform.io/hashicorp/aws\"]",
      "instances": [
        {
          "schema_version": 0,
          "attributes": {
            "arn": "arn:aws:iam::766789219705:role/DataLakeTenantViewer",
            "assume_role_policy": "{\"Statement\":[{\"Action\":\"sts:AssumeRole\",\"Effect\":\"Allow\",\"Principal\":{\"Service\":\"athena.amazonaws.com\"}}],\"Version\":\"2012-10-17\"}",
            "create_date": "2026-03-08T21:38:30Z",
            "description": "",
            "force_detach_policies": false,
            "id": "DataLakeTenantViewer",
            "inline_policy": [],
            "managed_policy_arns": [],
            "max_session_duration": 3600,
            "name": "DataLakeTenantViewer",
            "name_prefix": "",
            "path": "/",
            "permissions_boundary": "",
            "tags": {},
            "tags_all": {},
            "unique_id": "AROA3FCBS6V4RHZTIJUMN"
          },
          "sensitive_attributes": [],
          "identity_schema_version": 0,
          "identity": {
            "account_id": "766789219705",
            "name": "DataLakeTenantViewer"
          },
          "private": "bnVsbA=="
        }
      ]
    },
    {
      "module": "module.governance",
      "mode": "managed",
      "type": "aws_lakeformation_data_cells_filter",
      "name": "tenant_alpha_filter",
      "provider": "provider[\"registry.terraform.io/hashicorp/aws\"]",
      "instances": [
        {
          "schema_version": 0,
          "attributes": {
            "id": "multi_tenant_datalake_dev,tenant_alpha_only,766789219705,tenant_data",
            "region": "us-east-1",
            "table_data": [
              {
                "column_names": [],
                "column_wildcard": [
                  {
                    "excluded_column_names": []
                  }
                ],
                "database_name": "multi_tenant_datalake_dev",
                "name": "tenant_alpha_only",
                "row_filter": [
                  {
                    "all_rows_wildcard": [],
                    "filter_expression": "tenant_id = 'tenant_alpha'"
                  }
                ],
                "table_catalog_id": "766789219705",
                "table_name": "tenant_data",
                "version_id": "1"
              }
            ],
            "timeouts": null
          },
          "sensitive_attributes": [],
          "identity_schema_version": 0,
          "dependencies": [
            "module.governance.aws_glue_catalog_database.datalake_db",
            "module.governance.aws_glue_catalog_table.tenant_data",
            "module.governance.data.aws_caller_identity.current",
            "module.storage.aws_s3_bucket.datalake_bucket",
            "module.storage.random_id.bucket_suffix"
          ]
        }
      ]
    },
    {
      "module": "module.governance",
      "mode": "managed",
      "type": "aws_lakeformation_permissions",
      "name": "test_tenant_alpha",
      "provider": "provider[\"registry.terraform.io/hashicorp/aws\"]",
      "instances": [
        {
          "status": "tainted",
          "schema_version": 0,
          "attributes": {
            "catalog_id": null,
            "catalog_resource": false,
            "data_cells_filter": [
              {
                "database_name": "multi_tenant_datalake_dev",
                "name": "tenant_alpha_only",
                "table_catalog_id": "766789219705",
                "table_name": "tenant_data"
              }
            ],
            "data_location": null,
            "database": null,
            "id": "4152741738",
            "lf_tag": null,
            "lf_tag_policy": null,
            "permissions": [
              "SELECT"
            ],
            "permissions_with_grant_option": [],
            "principal": "arn:aws:iam::766789219705:role/DataLakeTenantViewer",
            "region": "us-east-1",
            "table": null,
            "table_with_columns": null
          },
          "sensitive_attributes": [],
          "identity_schema_version": 0,
          "private": "bnVsbA==",
          "dependencies": [
            "module.governance.aws_glue_catalog_database.datalake_db",
            "module.governance.aws_glue_catalog_table.tenant_data",
            "module.governance.aws_iam_role.tenant_viewer",
            "module.governance.aws_lakeformation_data_cells_filter.tenant_alpha_filter",
            "module.governance.data.aws_caller_identity.current",
            "module.storage.aws_s3_bucket.datalake_bucket",
            "module.storage.random_id.bucket_suffix"
          ]
        }
      ]
    },
    {
      "module": "module.processing",
      "mode": "data",
      "type": "archive_file",
      "name": "lambda_zip",
      "provider": "provider[\"registry.terraform.io/hashicorp/archive\"]",
      "instances": [
        {
          "schema_version": 0,
          "attributes": {
            "exclude_symlink_directories": null,
            "excludes": null,
            "id": "47a98b23bd39e0aa51a8741f2723f5c57aaa8362",
            "output_base64sha256": "0EoqjMds9rk0hapdSOPkGJfKaxfRd5JukbOJY0j8rSQ=",
            "output_base64sha512": "U6WNF2LkytdowXB1k/f1MUU9kk4DKHI/8k7/xzxEE1afXHjt2YN/3TrpICLScV34UilnjjXNkxlxIUh749jO8w==",
            "output_file_mode": null,
            "output_md5": "ea15031554b4b6af51ff34acab9e713b",
            "output_path": "../../modules/processing/../../scripts/etl_job.zip",
            "output_sha": "47a98b23bd39e0aa51a8741f2723f5c57aaa8362",
            "output_sha256": "d04a2a8cc76cf6b93485aa5d48e3e41897ca6b17d177926e91b3896348fcad24",
            "output_sha512": "53a58d1762e4cad768c1707593f7f531453d924e0328723ff24effc73c4413569f5c78edd9837fdd3ae92022d2715df85229678e35cd93197121487be3d8cef3",
            "output_size": 755,
            "source": [],
            "source_content": null,
            "source_content_filename": null,
            "source_dir": null,
            "source_file": "../../modules/processing/../../scripts/etl_job.py",
            "type": "zip"
          },
          "sensitive_attributes": [],
          "identity_schema_version": 0
        }
      ]
    },
    {
      "module": "module.processing",
      "mode": "data",
      "type": "aws_iam_policy_document",
      "name": "lambda_s3_data",
      "provider": "provider[\"registry.terraform.io/hashicorp/aws\"]",
      "instances": [
        {
          "schema_version": 0,
          "attributes": {
            "id": "1951473098",
            "json": "{\n  \"Version\": \"2012-10-17\",\n  \"Statement\": [\n    {\n      \"Effect\": \"Allow\",\n      \"Action\": [\n        \"s3:ListBucket\",\n        \"s3:GetObject\"\n      ],\n      \"Resource\": [\n        \"arn:aws:s3:::jabu-datalake-488186fc/raw/*\",\n        \"arn:aws:s3:::jabu-datalake-488186fc\"\n      ]\n    },\n    {\n      \"Effect\": \"Allow\",\n      \"Action\": \"s3:PutObject\",\n      \"Resource\": \"arn:aws:s3:::jabu-datalake-488186fc/curated/*\"\n    }\n  ]\n}",
            "minified_json": "{\"Version\":\"2012-10-17\",\"Statement\":[{\"Effect\":\"Allow\",\"Action\":[\"s3:ListBucket\",\"s3:GetObject\"],\"Resource\":[\"arn:aws:s3:::jabu-datalake-488186fc/raw/*\",\"arn:aws:s3:::jabu-datalake-488186fc\"]},{\"Effect\":\"Allow\",\"Action\":\"s3:PutObject\",\"Resource\":\"arn:aws:s3:::jabu-datalake-488186fc/curated/*\"}]}",
            "override_json": null,
            "override_policy_documents": null,
            "policy_id": null,
            "source_json": null,
            "source_policy_documents": null,
            "statement": [
              {
                "actions": [
                  "s3:GetObject",
                  "s3:ListBucket"
                ],
                "condition": [],
                "effect": "Allow",
                "not_actions": [],
                "not_principals": [],
                "not_resources": [],
                "principals": [],
                "resources": [
                  "arn:aws:s3:::jabu-datalake-488186fc",
                  "arn:aws:s3:::jabu-datalake-488186fc/raw/*"
                ],
                "sid": ""
              },
              {
                "actions": [
                  "s3:PutObject"
                ],
                "condition": [],
                "effect": "Allow",
                "not_actions": [],
                "not_principals": [],
                "not_resources": [],
                "principals": [],
                "resources": [
                  "arn:aws:s3:::jabu-datalake-488186fc/curated/*"
                ],
                "sid": ""
              }
            ],
            "version": "2012-10-17"
          },
          "sensitive_attributes": [],
          "identity_schema_version": 0
        }
      ]
    },
    {
      "module": "module.processing",
      "mode": "managed",
      "type": "aws_iam_policy",
      "name": "lambda_s3_policy",
      "provider": "provider[\"registry.terraform.io/hashicorp/aws\"]",
      "instances": [
        {
          "schema_version": 0,
          "attributes": {
            "arn": "arn:aws:iam::766789219705:policy/multi-tenant-lambda-s3-policy",
            "attachment_count": 1,
            "delay_after_policy_creation_in_ms": null,
            "description": "Allows Lambda to process data between S3 zones",
            "id": "arn:aws:iam::766789219705:policy/multi-tenant-lambda-s3-policy",
            "name": "multi-tenant-lambda-s3-policy",
            "name_prefix": "",
            "path": "/",
            "policy": "{\"Statement\":[{\"Action\":[\"s3:ListBucket\",\"s3:GetObject\"],\"Effect\":\"Allow\",\"Resource\":[\"arn:aws:s3:::jabu-datalake-488186fc/raw/*\",\"arn:aws:s3:::jabu-datalake-488186fc\"]},{\"Action\":\"s3:PutObject\",\"Effect\":\"Allow\",\"Resource\":\"arn:aws:s3:::jabu-datalake-488186fc/curated/*\"}],\"Version\":\"2012-10-17\"}",
            "policy_id": "ANPA3FCBS6V47CL7QINX6",
            "tags": {},
            "tags_all": {}
          },
          "sensitive_attributes": [],
          "identity_schema_version": 0,
          "identity": {
            "arn": "arn:aws:iam::766789219705:policy/multi-tenant-lambda-s3-policy"
          },
          "private": "bnVsbA==",
          "dependencies": [
            "module.processing.data.aws_iam_policy_document.lambda_s3_data",
            "module.storage.aws_s3_bucket.datalake_bucket",
            "module.storage.random_id.bucket_suffix"
          ]
        }
      ]
    },
    {
      "module": "module.processing",
      "mode": "managed",
      "type": "aws_iam_role",
      "name": "lambda_role",
      "provider": "provider[\"registry.terraform.io/hashicorp/aws\"]",
      "instances": [
        {
          "schema_version": 0,
          "attributes": {
            "arn": "arn:aws:iam::766789219705:role/multi-tenant-etl-role",
            "assume_role_policy": "{\"Statement\":[{\"Action\":\"sts:AssumeRole\",\"Effect\":\"Allow\",\"Principal\":{\"Service\":\"lambda.amazonaws.com\"}}],\"Version\":\"2012-10-17\"}",
            "create_date": "2026-02-18T23:11:34Z",
            "description": "",
            "force_detach_policies": false,
            "id": "multi-tenant-etl-role",
            "inline_policy": [],
            "managed_policy_arns": [
              "arn:aws:iam::766789219705:policy/multi-tenant-lambda-s3-policy",
              "arn:aws:iam::aws:policy/service-role/AWSLambdaBasicExecutionRole"
            ],
            "max_session_duration": 3600,
            "name": "multi-tenant-etl-role",
            "name_prefix": "",
            "path": "/",
            "permissions_boundary": "",
            "tags": {},
            "tags_all": {},
            "unique_id": "AROA3FCBS6V4TVODFJWOD"
          },
          "sensitive_attributes": [],
          "identity_schema_version": 0,
          "identity": {
            "account_id": "766789219705",
            "name": "multi-tenant-etl-role"
          },
          "private": "bnVsbA=="
        }
      ]
    },
    {
      "module": "module.processing",
      "mode": "managed",
      "type": "aws_iam_role_policy_attachment",
      "name": "attach_s3",
      "provider": "provider[\"registry.terraform.io/hashicorp/aws\"]",
      "instances": [
        {
          "schema_version": 0,
          "attributes": {
            "id": "multi-tenant-etl-role/arn:aws:iam::766789219705:policy/multi-tenant-lambda-s3-policy",
            "policy_arn": "arn:aws:iam::766789219705:policy/multi-tenant-lambda-s3-policy",
            "role": "multi-tenant-etl-role"
          },
          "sensitive_attributes": [],
          "identity_schema_version": 0,
          "identity": {
            "account_id": "766789219705",
            "policy_arn": "arn:aws:iam::766789219705:policy/multi-tenant-lambda-s3-policy",
            "role": "multi-tenant-etl-role"
          },
          "private": "bnVsbA==",
          "dependencies": [
            "module.processing.aws_iam_policy.lambda_s3_policy",
            "module.processing.aws_iam_role.lambda_role",
            "module.processing.data.aws_iam_policy_document.lambda_s3_data",
            "module.storage.aws_s3_bucket.datalake_bucket",
            "module.storage.random_id.bucket_suffix"
          ]
        }
      ]
    },
    {
      "module": "module.processing",
      "mode": "managed",
      "type": "aws_iam_role_policy_attachment",
      "name": "lambda_logs",
      "provider": "provider[\"registry.terraform.io/hashicorp/aws\"]",
      "instances": [
        {
          "schema_version": 0,
          "attributes": {
            "id": "multi-tenant-etl-role/arn:aws:iam::aws:policy/service-role/AWSLambdaBasicExecutionRole",
            "policy_arn": "arn:aws:iam::aws:policy/service-role/AWSLambdaBasicExecutionRole",
            "role": "multi-tenant-etl-role"
          },
          "sensitive_attributes": [],
          "identity_schema_version": 0,
          "identity": {
            "account_id": "766789219705",
            "policy_arn": "arn:aws:iam::aws:policy/service-role/AWSLambdaBasicExecutionRole",
            "role": "multi-tenant-etl-role"
          },
          "private": "bnVsbA==",
          "dependencies": [
            "module.processing.aws_iam_role.lambda_role"
          ]
        }
      ]
    },
    {
      "module": "module.processing",
      "mode": "managed",
      "type": "aws_lambda_function",
      "name": "etl_lambda",
      "provider": "provider[\"registry.terraform.io/hashicorp/aws\"]",
      "instances": [
        {
          "schema_version": 0,
          "attributes": {
            "architectures": [
              "x86_64"
            ],
            "arn": "arn:aws:lambda:us-east-1:766789219705:function:multi-tenant-etl-processor",
            "capacity_provider_config": [],
            "code_sha256": "0EoqjMds9rk0hapdSOPkGJfKaxfRd5JukbOJY0j8rSQ=",
            "code_signing_config_arn": "",
            "dead_letter_config": [],
            "description": "",
            "durable_config": [],
            "environment": [],
            "ephemeral_storage": [
              {
                "size": 512
              }
            ],
            "file_system_config": [],
            "filename": "../../modules/processing/../../scripts/etl_job.zip",
            "function_name": "multi-tenant-etl-processor",
            "handler": "etl_job.handler",
            "id": "multi-tenant-etl-processor",
            "image_config": [],
            "image_uri": "",
            "invoke_arn": "arn:aws:apigateway:us-east-1:lambda:path/2015-03-31/functions/arn:aws:lambda:us-east-1:766789219705:function:multi-tenant-etl-processor/invocations",
            "kms_key_arn": "",
            "last_modified": "2026-03-03T20:34:28.000+0000",
            "layers": [
              "arn:aws:lambda:us-east-1:336392948345:layer:AWSDataWrangler-Python39:1"
            ],
            "logging_config": [
              {
                "application_log_level": "",
                "log_format": "Text",
                "log_group": "/aws/lambda/multi-tenant-etl-processor",
                "system_log_level": ""
              }
            ],
            "memory_size": 512,
            "package_type": "Zip",
            "publish": false,
            "publish_to": null,
            "qualified_arn": "arn:aws:lambda:us-east-1:766789219705:function:multi-tenant-etl-processor:$LATEST",
            "qualified_invoke_arn": "arn:aws:apigateway:us-east-1:lambda:path/2015-03-31/functions/arn:aws:lambda:us-east-1:766789219705:function:multi-tenant-etl-processor:$LATEST/invocations",
            "region": "us-east-1",
            "replace_security_groups_on_destroy": null,
            "replacement_security_group_ids": null,
            "reserved_concurrent_executions": -1,
            "response_streaming_invoke_arn": "arn:aws:apigateway:us-east-1:lambda:path/2021-11-15/functions/arn:aws:lambda:us-east-1:766789219705:function:multi-tenant-etl-processor/response-streaming-invocations",
            "role": "arn:aws:iam::766789219705:role/multi-tenant-etl-role",
            "runtime": "python3.9",
            "s3_bucket": null,
            "s3_key": null,
            "s3_object_version": null,
            "signing_job_arn": "",
            "signing_profile_version_arn": "",
            "skip_destroy": false,
            "snap_start": [],
            "source_code_hash": "0EoqjMds9rk0hapdSOPkGJfKaxfRd5JukbOJY0j8rSQ=",
            "source_code_size": 755,
            "source_kms_key_arn": "",
            "tags": {},
            "tags_all": {},
            "tenancy_config": [],
            "timeout": 60,
            "timeouts": null,
            "tracing_config": [
              {
                "mode": "PassThrough"
              }
            ],
            "version": "$LATEST",
            "vpc_config": []
          },
          "sensitive_attributes": [],
          "identity_schema_version": 0,
          "identity": {
            "account_id": "766789219705",
            "function_name": "multi-tenant-etl-processor",
            "region": "us-east-1"
          },
          "private": "eyJlMmJmYjczMC1lY2FhLTExZTYtOGY4OC0zNDM2M2JjN2M0YzAiOnsiY3JlYXRlIjo2MDAwMDAwMDAwMDAsImRlbGV0ZSI6NjAwMDAwMDAwMDAwLCJ1cGRhdGUiOjYwMDAwMDAwMDAwMH19",
          "dependencies": [
            "module.processing.aws_iam_role.lambda_role",
            "module.processing.data.archive_file.lambda_zip"
          ]
        }
      ]
    },
    {
      "module": "module.processing",
      "mode": "managed",
      "type": "aws_lambda_permission",
      "name": "allow_s3_trigger",
      "provider": "provider[\"registry.terraform.io/hashicorp/aws\"]",
      "instances": [
        {
          "schema_version": 0,
          "attributes": {
            "action": "lambda:InvokeFunction",
            "event_source_token": null,
            "function_name": "multi-tenant-etl-processor",
            "function_url_auth_type": null,
            "id": "AllowExecutionFromS3",
            "invoked_via_function_url": null,
            "principal": "s3.amazonaws.com",
            "principal_org_id": null,
            "qualifier": "",
            "region": "us-east-1",
            "source_account": null,
            "source_arn": "arn:aws:s3:::jabu-datalake-488186fc",
            "statement_id": "AllowExecutionFromS3",
            "statement_id_prefix": ""
          },
          "sensitive_attributes": [],
          "identity_schema_version": 0,
          "identity": {
            "account_id": "766789219705",
            "function_name": "multi-tenant-etl-processor",
            "qualifier": null,
            "region": "us-east-1",
            "statement_id": "AllowExecutionFromS3"
          },
          "private": "bnVsbA==",
          "dependencies": [
            "module.processing.aws_iam_role.lambda_role",
            "module.processing.aws_lambda_function.etl_lambda",
            "module.processing.data.archive_file.lambda_zip",
            "module.storage.aws_s3_bucket.datalake_bucket",
            "module.storage.random_id.bucket_suffix"
          ]
        }
      ]
    },
    {
      "module": "module.processing",
      "mode": "managed",
      "type": "aws_s3_bucket_notification",
      "name": "bucket_notification",
      "provider": "provider[\"registry.terraform.io/hashicorp/aws\"]",
      "instances": [
        {
          "schema_version": 0,
          "attributes": {
            "bucket": "jabu-datalake-488186fc",
            "eventbridge": false,
            "id": "jabu-datalake-488186fc",
            "lambda_function": [
              {
                "events": [
                  "s3:ObjectCreated:*"
                ],
                "filter_prefix": "raw/",
                "filter_suffix": "",
                "id": "tf-s3-lambda-20260218231154594100000001",
                "lambda_function_arn": "arn:aws:lambda:us-east-1:766789219705:function:multi-tenant-etl-processor"
              }
            ],
            "queue": [],
            "region": "us-east-1",
            "topic": []
          },
          "sensitive_attributes": [],
          "identity_schema_version": 0,
          "identity": {
            "account_id": "766789219705",
            "bucket": "jabu-datalake-488186fc",
            "region": "us-east-1"
          },
          "private": "bnVsbA==",
          "dependencies": [
            "module.processing.aws_iam_role.lambda_role",
            "module.processing.aws_lambda_function.etl_lambda",
            "module.processing.aws_lambda_permission.allow_s3_trigger",
            "module.processing.data.archive_file.lambda_zip",
            "module.storage.aws_s3_bucket.datalake_bucket",
            "module.storage.random_id.bucket_suffix"
          ]
        }
      ]
    },
    {
      "module": "module.storage",
      "mode": "managed",
      "type": "aws_s3_bucket",
      "name": "datalake_bucket",
      "provider": "provider[\"registry.terraform.io/hashicorp/aws\"]",
      "instances": [
        {
          "schema_version": 0,
          "attributes": {
            "acceleration_status": "",
            "acl": null,
            "arn": "arn:aws:s3:::jabu-datalake-488186fc",
            "bucket": "jabu-datalake-488186fc",
            "bucket_domain_name": "jabu-datalake-488186fc.s3.amazonaws.com",
            "bucket_prefix": "",
            "bucket_region": "us-east-1",
            "bucket_regional_domain_name": "jabu-datalake-488186fc.s3.us-east-1.amazonaws.com",
            "cors_rule": [],
            "force_destroy": false,
            "grant": [
              {
                "id": "c6837724bc3eb28b45b19641ca9e281f961f09b9a41dcb34bae76689b2bd6a5d",
                "permissions": [
                  "FULL_CONTROL"
                ],
                "type": "CanonicalUser",
                "uri": ""
              }
            ],
            "hosted_zone_id": "Z3AQBSTGFYJSTF",
            "id": "jabu-datalake-488186fc",
            "lifecycle_rule": [
              {
                "abort_incomplete_multipart_upload_days": 0,
                "enabled": true,
                "expiration": [
                  {
                    "date": "",
                    "days": 7,
                    "expired_object_delete_marker": false
                  }
                ],
                "id": "cleanup-raw-zone",
                "noncurrent_version_expiration": [],
                "noncurrent_version_transition": [],
                "prefix": "raw/",
                "tags": {},
                "transition": []
              },
              {
                "abort_incomplete_multipart_upload_days": 0,
                "enabled": true,
                "expiration": [
                  {
                    "date": "",
                    "days": 30,
                    "expired_object_delete_marker": false
                  }
                ],
                "id": "cleanup-curated-zone",
                "noncurrent_version_expiration": [],
                "noncurrent_version_transition": [],
                "prefix": "curated/",
                "tags": {},
                "transition": []
              }
            ],
            "logging": [],
            "object_lock_configuration": [],
            "object_lock_enabled": false,
            "policy": "",
            "region": "us-east-1",
            "replication_configuration": [],
            "request_payer": "BucketOwner",
            "server_side_encryption_configuration": [
              {
                "rule": [
                  {
                    "apply_server_side_encryption_by_default": [
                      {
                        "kms_master_key_id": "",
                        "sse_algorithm": "AES256"
                      }
                    ],
                    "bucket_key_enabled": false
                  }
                ]
              }
            ],
            "tags": {
              "Environment": "dev",
              "Name": "Multi-Tenant Data Lake",
              "Project": "Demo-Datalake"
            },
            "tags_all": {
              "Environment": "dev",
              "Name": "Multi-Tenant Data Lake",
              "Project": "Demo-Datalake"
            },
            "timeouts": null,
            "versioning": [
              {
                "enabled": false,
                "mfa_delete": false
              }
            ],
            "website": [],
            "website_domain": null,
            "website_endpoint": null
          },
          "sensitive_attributes": [],
          "identity_schema_version": 0,
          "identity": {
            "account_id": "766789219705",
            "bucket": "jabu-datalake-488186fc",
            "region": "us-east-1"
          },
          "private": "eyJlMmJmYjczMC1lY2FhLTExZTYtOGY4OC0zNDM2M2JjN2M0YzAiOnsiY3JlYXRlIjoxMjAwMDAwMDAwMDAwLCJkZWxldGUiOjM2MDAwMDAwMDAwMDAsInJlYWQiOjEyMDAwMDAwMDAwMDAsInVwZGF0ZSI6MTIwMDAwMDAwMDAwMH19",
          "dependencies": [
            "module.storage.random_id.bucket_suffix"
          ]
        }
      ]
    },
    {
      "module": "module.storage",
      "mode": "managed",
      "type": "aws_s3_bucket_lifecycle_configuration",
      "name": "datalake",
      "provider": "provider[\"registry.terraform.io/hashicorp/aws\"]",
      "instances": [
        {
          "schema_version": 1,
          "attributes": {
            "bucket": "jabu-datalake-488186fc",
            "expected_bucket_owner": "",
            "id": "jabu-datalake-488186fc",
            "region": "us-east-1",
            "rule": [
              {
                "abort_incomplete_multipart_upload": [],
                "expiration": [
                  {
                    "date": null,
                    "days": 7,
                    "expired_object_delete_marker": false
                  }
                ],
                "filter": [
                  {
                    "and": [],
                    "object_size_greater_than": null,
                    "object_size_less_than": null,
                    "prefix": "raw/",
                    "tag": []
                  }
                ],
                "id": "cleanup-raw-zone",
                "noncurrent_version_expiration": [],
                "noncurrent_version_transition": [],
                "prefix": "",
                "status": "Enabled",
                "transition": []
              },
              {
                "abort_incomplete_multipart_upload": [],
                "expiration": [
                  {
                    "date": null,
                    "days": 30,
                    "expired_object_delete_marker": false
                  }
                ],
                "filter": [
                  {
                    "and": [],
                    "object_size_greater_than": null,
                    "object_size_less_than": null,
                    "prefix": "curated/",
                    "tag": []
                  }
                ],
                "id": "cleanup-curated-zone",
                "noncurrent_version_expiration": [],
                "noncurrent_version_transition": [],
                "prefix": "",
                "status": "Enabled",
                "transition": []
              }
            ],
            "timeouts": null,
            "transition_default_minimum_object_size": "all_storage_classes_128K"
          },
          "sensitive_attributes": [],
          "identity_schema_version": 0,
          "dependencies": [
            "module.storage.aws_s3_bucket.datalake_bucket",
            "module.storage.random_id.bucket_suffix"
          ]
        }
      ]
    },
    {
      "module": "module.storage",
      "mode": "managed",
      "type": "aws_s3_bucket_public_access_block",
      "name": "datalake",
      "provider": "provider[\"registry.terraform.io/hashicorp/aws\"]",
      "instances": [
        {
          "schema_version": 0,
          "attributes": {
            "block_public_acls": true,
            "block_public_policy": true,
            "bucket": "jabu-datalake-488186fc",
            "id": "jabu-datalake-488186fc",
            "ignore_public_acls": true,
            "region": "us-east-1",
            "restrict_public_buckets": true,
            "skip_destroy": null
          },
          "sensitive_attributes": [],
          "identity_schema_version": 0,
          "identity": {
            "account_id": "766789219705",
            "bucket": "jabu-datalake-488186fc",
            "region": "us-east-1"
          },
          "private": "bnVsbA==",
          "dependencies": [
            "module.storage.aws_s3_bucket.datalake_bucket",
            "module.storage.random_id.bucket_suffix"
          ]
        }
      ]
    },
    {
      "module": "module.storage",
      "mode": "managed",
      "type": "aws_s3_bucket_server_side_encryption_configuration",
      "name": "datalake",
      "provider": "provider[\"registry.terraform.io/hashicorp/aws\"]",
      "instances": [
        {
          "schema_version": 0,
          "attributes": {
            "bucket": "jabu-datalake-488186fc",
            "expected_bucket_owner": "",
            "id": "jabu-datalake-488186fc",
            "region": "us-east-1",
            "rule": [
              {
                "apply_server_side_encryption_by_default": [
                  {
                    "kms_master_key_id": "",
                    "sse_algorithm": "AES256"
                  }
                ],
                "blocked_encryption_types": [],
                "bucket_key_enabled": false
              }
            ]
          },
          "sensitive_attributes": [],
          "identity_schema_version": 1,
          "identity": {
            "account_id": "766789219705",
            "bucket": "jabu-datalake-488186fc",
            "region": "us-east-1"
          },
          "private": "bnVsbA==",
          "dependencies": [
            "module.storage.aws_s3_bucket.datalake_bucket",
            "module.storage.random_id.bucket_suffix"
          ]
        }
      ]
    },
    {
      "module": "module.storage",
      "mode": "managed",
      "type": "random_id",
      "name": "bucket_suffix",
      "provider": "provider[\"registry.terraform.io/hashicorp/random\"]",
      "instances": [
        {
          "schema_version": 0,
          "attributes": {
            "b64_std": "SIGG/A==",
            "b64_url": "SIGG_A",
            "byte_length": 4,
            "dec": "1216448252",
            "hex": "488186fc",
            "id": "SIGG_A",
            "keepers": null,
            "prefix": null
          },
          "sensitive_attributes": [],
          "identity_schema_version": 0
        }
      ]
    }
  ],
  "check_results": null
}
