{
  "version": 4,
  "terraform_version": "1.13.5",
  "serial": 18,
  "lineage": "74e52620-234c-5b98-e32a-264a38efbee5",
  "outputs": {},
  "resources": [
    {
      "module": "module.processing",
      "mode": "data",
      "type": "archive_file",
      "name": "lambda_zip",
      "provider": "provider[\"registry.terraform.io/hashicorp/archive\"]",
      "instances": [
        {
          "schema_version": 0,
          "attributes": {
            "exclude_symlink_directories": null,
            "excludes": null,
            "id": "549d0e3229c968c93feabbebe266390c986b512d",
            "output_base64sha256": "wycK8MD2cMUtxYlk+n3d+lftAHGM3NDxTujoGB72MHo=",
            "output_base64sha512": "0SKZecsJ3KLvH7AkWPsoZyL8wVyd+V5ZhmrNr6P8qwhna8/0KZSyM/1P1sbStC68qBrEfZWj4R2rQaXEgOdN7Q==",
            "output_file_mode": null,
            "output_md5": "8f1cc5a3da7691f1bd9bee4534e3f3df",
            "output_path": "../../modules/processing/../../scripts/etl_job.zip",
            "output_sha": "549d0e3229c968c93feabbebe266390c986b512d",
            "output_sha256": "c3270af0c0f670c52dc58964fa7dddfa57ed00718cdcd0f14ee8e8181ef6307a",
            "output_sha512": "d1229979cb09dca2ef1fb02458fb286722fcc15c9df95e59866acdafa3fcab08676bcff42994b233fd4fd6c6d2b42ebca81ac47d95a3e11dab41a5c480e74ded",
            "output_size": 756,
            "source": [],
            "source_content": null,
            "source_content_filename": null,
            "source_dir": null,
            "source_file": "../../modules/processing/../../scripts/etl_job.py",
            "type": "zip"
          },
          "sensitive_attributes": [],
          "identity_schema_version": 0
        }
      ]
    },
    {
      "module": "module.processing",
      "mode": "data",
      "type": "aws_iam_policy_document",
      "name": "lambda_s3_data",
      "provider": "provider[\"registry.terraform.io/hashicorp/aws\"]",
      "instances": [
        {
          "schema_version": 0,
          "attributes": {
            "id": "1951473098",
            "json": "{\n  \"Version\": \"2012-10-17\",\n  \"Statement\": [\n    {\n      \"Effect\": \"Allow\",\n      \"Action\": [\n        \"s3:ListBucket\",\n        \"s3:GetObject\"\n      ],\n      \"Resource\": [\n        \"arn:aws:s3:::jabu-datalake-488186fc/raw/*\",\n        \"arn:aws:s3:::jabu-datalake-488186fc\"\n      ]\n    },\n    {\n      \"Effect\": \"Allow\",\n      \"Action\": \"s3:PutObject\",\n      \"Resource\": \"arn:aws:s3:::jabu-datalake-488186fc/curated/*\"\n    }\n  ]\n}",
            "minified_json": "{\"Version\":\"2012-10-17\",\"Statement\":[{\"Effect\":\"Allow\",\"Action\":[\"s3:ListBucket\",\"s3:GetObject\"],\"Resource\":[\"arn:aws:s3:::jabu-datalake-488186fc/raw/*\",\"arn:aws:s3:::jabu-datalake-488186fc\"]},{\"Effect\":\"Allow\",\"Action\":\"s3:PutObject\",\"Resource\":\"arn:aws:s3:::jabu-datalake-488186fc/curated/*\"}]}",
            "override_json": null,
            "override_policy_documents": null,
            "policy_id": null,
            "source_json": null,
            "source_policy_documents": null,
            "statement": [
              {
                "actions": [
                  "s3:GetObject",
                  "s3:ListBucket"
                ],
                "condition": [],
                "effect": "Allow",
                "not_actions": [],
                "not_principals": [],
                "not_resources": [],
                "principals": [],
                "resources": [
                  "arn:aws:s3:::jabu-datalake-488186fc",
                  "arn:aws:s3:::jabu-datalake-488186fc/raw/*"
                ],
                "sid": ""
              },
              {
                "actions": [
                  "s3:PutObject"
                ],
                "condition": [],
                "effect": "Allow",
                "not_actions": [],
                "not_principals": [],
                "not_resources": [],
                "principals": [],
                "resources": [
                  "arn:aws:s3:::jabu-datalake-488186fc/curated/*"
                ],
                "sid": ""
              }
            ],
            "version": "2012-10-17"
          },
          "sensitive_attributes": [],
          "identity_schema_version": 0
        }
      ]
    },
    {
      "module": "module.processing",
      "mode": "managed",
      "type": "aws_iam_policy",
      "name": "lambda_s3_policy",
      "provider": "provider[\"registry.terraform.io/hashicorp/aws\"]",
      "instances": [
        {
          "schema_version": 0,
          "attributes": {
            "arn": "arn:aws:iam::766789219705:policy/multi-tenant-lambda-s3-policy",
            "attachment_count": 1,
            "delay_after_policy_creation_in_ms": null,
            "description": "Allows Lambda to process data between S3 zones",
            "id": "arn:aws:iam::766789219705:policy/multi-tenant-lambda-s3-policy",
            "name": "multi-tenant-lambda-s3-policy",
            "name_prefix": "",
            "path": "/",
            "policy": "{\"Statement\":[{\"Action\":[\"s3:ListBucket\",\"s3:GetObject\"],\"Effect\":\"Allow\",\"Resource\":[\"arn:aws:s3:::jabu-datalake-488186fc/raw/*\",\"arn:aws:s3:::jabu-datalake-488186fc\"]},{\"Action\":\"s3:PutObject\",\"Effect\":\"Allow\",\"Resource\":\"arn:aws:s3:::jabu-datalake-488186fc/curated/*\"}],\"Version\":\"2012-10-17\"}",
            "policy_id": "ANPA3FCBS6V47CL7QINX6",
            "tags": {},
            "tags_all": {}
          },
          "sensitive_attributes": [],
          "identity_schema_version": 0,
          "identity": {
            "arn": "arn:aws:iam::766789219705:policy/multi-tenant-lambda-s3-policy"
          },
          "private": "bnVsbA==",
          "dependencies": [
            "module.processing.data.aws_iam_policy_document.lambda_s3_data",
            "module.storage.aws_s3_bucket.datalake_bucket",
            "module.storage.random_id.bucket_suffix"
          ]
        }
      ]
    },
    {
      "module": "module.processing",
      "mode": "managed",
      "type": "aws_iam_role",
      "name": "lambda_role",
      "provider": "provider[\"registry.terraform.io/hashicorp/aws\"]",
      "instances": [
        {
          "schema_version": 0,
          "attributes": {
            "arn": "arn:aws:iam::766789219705:role/multi-tenant-etl-role",
            "assume_role_policy": "{\"Statement\":[{\"Action\":\"sts:AssumeRole\",\"Effect\":\"Allow\",\"Principal\":{\"Service\":\"lambda.amazonaws.com\"}}],\"Version\":\"2012-10-17\"}",
            "create_date": "2026-02-18T23:11:34Z",
            "description": "",
            "force_detach_policies": false,
            "id": "multi-tenant-etl-role",
            "inline_policy": [],
            "managed_policy_arns": [
              "arn:aws:iam::766789219705:policy/multi-tenant-lambda-s3-policy",
              "arn:aws:iam::aws:policy/service-role/AWSLambdaBasicExecutionRole"
            ],
            "max_session_duration": 3600,
            "name": "multi-tenant-etl-role",
            "name_prefix": "",
            "path": "/",
            "permissions_boundary": "",
            "tags": {},
            "tags_all": {},
            "unique_id": "AROA3FCBS6V4TVODFJWOD"
          },
          "sensitive_attributes": [],
          "identity_schema_version": 0,
          "identity": {
            "account_id": "766789219705",
            "name": "multi-tenant-etl-role"
          },
          "private": "bnVsbA=="
        }
      ]
    },
    {
      "module": "module.processing",
      "mode": "managed",
      "type": "aws_iam_role_policy_attachment",
      "name": "attach_s3",
      "provider": "provider[\"registry.terraform.io/hashicorp/aws\"]",
      "instances": [
        {
          "schema_version": 0,
          "attributes": {
            "id": "multi-tenant-etl-role/arn:aws:iam::766789219705:policy/multi-tenant-lambda-s3-policy",
            "policy_arn": "arn:aws:iam::766789219705:policy/multi-tenant-lambda-s3-policy",
            "role": "multi-tenant-etl-role"
          },
          "sensitive_attributes": [],
          "identity_schema_version": 0,
          "identity": {
            "account_id": "766789219705",
            "policy_arn": "arn:aws:iam::766789219705:policy/multi-tenant-lambda-s3-policy",
            "role": "multi-tenant-etl-role"
          },
          "private": "bnVsbA==",
          "dependencies": [
            "module.processing.aws_iam_policy.lambda_s3_policy",
            "module.processing.aws_iam_role.lambda_role",
            "module.processing.data.aws_iam_policy_document.lambda_s3_data",
            "module.storage.aws_s3_bucket.datalake_bucket",
            "module.storage.random_id.bucket_suffix"
          ]
        }
      ]
    },
    {
      "module": "module.processing",
      "mode": "managed",
      "type": "aws_iam_role_policy_attachment",
      "name": "lambda_logs",
      "provider": "provider[\"registry.terraform.io/hashicorp/aws\"]",
      "instances": [
        {
          "schema_version": 0,
          "attributes": {
            "id": "multi-tenant-etl-role/arn:aws:iam::aws:policy/service-role/AWSLambdaBasicExecutionRole",
            "policy_arn": "arn:aws:iam::aws:policy/service-role/AWSLambdaBasicExecutionRole",
            "role": "multi-tenant-etl-role"
          },
          "sensitive_attributes": [],
          "identity_schema_version": 0,
          "identity": {
            "account_id": "766789219705",
            "policy_arn": "arn:aws:iam::aws:policy/service-role/AWSLambdaBasicExecutionRole",
            "role": "multi-tenant-etl-role"
          },
          "private": "bnVsbA==",
          "dependencies": [
            "module.processing.aws_iam_role.lambda_role"
          ]
        }
      ]
    },
    {
      "module": "module.processing",
      "mode": "managed",
      "type": "aws_lambda_function",
      "name": "etl_lambda",
      "provider": "provider[\"registry.terraform.io/hashicorp/aws\"]",
      "instances": [
        {
          "schema_version": 0,
          "attributes": {
            "architectures": [
              "x86_64"
            ],
            "arn": "arn:aws:lambda:us-east-1:766789219705:function:multi-tenant-etl-processor",
            "capacity_provider_config": [],
            "code_sha256": "wycK8MD2cMUtxYlk+n3d+lftAHGM3NDxTujoGB72MHo=",
            "code_signing_config_arn": "",
            "dead_letter_config": [],
            "description": "",
            "durable_config": [],
            "environment": [],
            "ephemeral_storage": [
              {
                "size": 512
              }
            ],
            "file_system_config": [],
            "filename": "../../modules/processing/../../scripts/etl_job.zip",
            "function_name": "multi-tenant-etl-processor",
            "handler": "etl_job.handler",
            "id": "multi-tenant-etl-processor",
            "image_config": [],
            "image_uri": "",
            "invoke_arn": "arn:aws:apigateway:us-east-1:lambda:path/2015-03-31/functions/arn:aws:lambda:us-east-1:766789219705:function:multi-tenant-etl-processor/invocations",
            "kms_key_arn": "",
            "last_modified": "2026-03-02T19:59:18.000+0000",
            "layers": [
              "arn:aws:lambda:us-east-1:336392948345:layer:AWSDataWrangler-Python39:1"
            ],
            "logging_config": [
              {
                "application_log_level": "",
                "log_format": "Text",
                "log_group": "/aws/lambda/multi-tenant-etl-processor",
                "system_log_level": ""
              }
            ],
            "memory_size": 512,
            "package_type": "Zip",
            "publish": false,
            "publish_to": null,
            "qualified_arn": "arn:aws:lambda:us-east-1:766789219705:function:multi-tenant-etl-processor:$LATEST",
            "qualified_invoke_arn": "arn:aws:apigateway:us-east-1:lambda:path/2015-03-31/functions/arn:aws:lambda:us-east-1:766789219705:function:multi-tenant-etl-processor:$LATEST/invocations",
            "region": "us-east-1",
            "replace_security_groups_on_destroy": null,
            "replacement_security_group_ids": null,
            "reserved_concurrent_executions": -1,
            "response_streaming_invoke_arn": "arn:aws:apigateway:us-east-1:lambda:path/2021-11-15/functions/arn:aws:lambda:us-east-1:766789219705:function:multi-tenant-etl-processor/response-streaming-invocations",
            "role": "arn:aws:iam::766789219705:role/multi-tenant-etl-role",
            "runtime": "python3.9",
            "s3_bucket": null,
            "s3_key": null,
            "s3_object_version": null,
            "signing_job_arn": "",
            "signing_profile_version_arn": "",
            "skip_destroy": false,
            "snap_start": [],
            "source_code_hash": "wycK8MD2cMUtxYlk+n3d+lftAHGM3NDxTujoGB72MHo=",
            "source_code_size": 756,
            "source_kms_key_arn": "",
            "tags": {},
            "tags_all": {},
            "tenancy_config": [],
            "timeout": 60,
            "timeouts": null,
            "tracing_config": [
              {
                "mode": "PassThrough"
              }
            ],
            "version": "$LATEST",
            "vpc_config": []
          },
          "sensitive_attributes": [],
          "identity_schema_version": 0,
          "identity": {
            "account_id": "766789219705",
            "function_name": "multi-tenant-etl-processor",
            "region": "us-east-1"
          },
          "private": "eyJlMmJmYjczMC1lY2FhLTExZTYtOGY4OC0zNDM2M2JjN2M0YzAiOnsiY3JlYXRlIjo2MDAwMDAwMDAwMDAsImRlbGV0ZSI6NjAwMDAwMDAwMDAwLCJ1cGRhdGUiOjYwMDAwMDAwMDAwMH19",
          "dependencies": [
            "module.processing.aws_iam_role.lambda_role",
            "module.processing.data.archive_file.lambda_zip"
          ]
        }
      ]
    },
    {
      "module": "module.processing",
      "mode": "managed",
      "type": "aws_lambda_permission",
      "name": "allow_s3_trigger",
      "provider": "provider[\"registry.terraform.io/hashicorp/aws\"]",
      "instances": [
        {
          "schema_version": 0,
          "attributes": {
            "action": "lambda:InvokeFunction",
            "event_source_token": null,
            "function_name": "multi-tenant-etl-processor",
            "function_url_auth_type": null,
            "id": "AllowExecutionFromS3",
            "invoked_via_function_url": null,
            "principal": "s3.amazonaws.com",
            "principal_org_id": null,
            "qualifier": "",
            "region": "us-east-1",
            "source_account": null,
            "source_arn": "arn:aws:s3:::jabu-datalake-488186fc",
            "statement_id": "AllowExecutionFromS3",
            "statement_id_prefix": ""
          },
          "sensitive_attributes": [],
          "identity_schema_version": 0,
          "identity": {
            "account_id": "766789219705",
            "function_name": "multi-tenant-etl-processor",
            "qualifier": null,
            "region": "us-east-1",
            "statement_id": "AllowExecutionFromS3"
          },
          "private": "bnVsbA==",
          "dependencies": [
            "module.processing.aws_iam_role.lambda_role",
            "module.processing.aws_lambda_function.etl_lambda",
            "module.processing.data.archive_file.lambda_zip",
            "module.storage.aws_s3_bucket.datalake_bucket",
            "module.storage.random_id.bucket_suffix"
          ]
        }
      ]
    },
    {
      "module": "module.processing",
      "mode": "managed",
      "type": "aws_s3_bucket_notification",
      "name": "bucket_notification",
      "provider": "provider[\"registry.terraform.io/hashicorp/aws\"]",
      "instances": [
        {
          "schema_version": 0,
          "attributes": {
            "bucket": "jabu-datalake-488186fc",
            "eventbridge": false,
            "id": "jabu-datalake-488186fc",
            "lambda_function": [
              {
                "events": [
                  "s3:ObjectCreated:*"
                ],
                "filter_prefix": "raw/",
                "filter_suffix": "",
                "id": "tf-s3-lambda-20260218231154594100000001",
                "lambda_function_arn": "arn:aws:lambda:us-east-1:766789219705:function:multi-tenant-etl-processor"
              }
            ],
            "queue": [],
            "region": "us-east-1",
            "topic": []
          },
          "sensitive_attributes": [],
          "identity_schema_version": 0,
          "identity": {
            "account_id": "766789219705",
            "bucket": "jabu-datalake-488186fc",
            "region": "us-east-1"
          },
          "private": "bnVsbA==",
          "dependencies": [
            "module.processing.aws_iam_role.lambda_role",
            "module.processing.aws_lambda_function.etl_lambda",
            "module.processing.aws_lambda_permission.allow_s3_trigger",
            "module.processing.data.archive_file.lambda_zip",
            "module.storage.aws_s3_bucket.datalake_bucket",
            "module.storage.random_id.bucket_suffix"
          ]
        }
      ]
    },
    {
      "module": "module.storage",
      "mode": "managed",
      "type": "aws_s3_bucket",
      "name": "datalake_bucket",
      "provider": "provider[\"registry.terraform.io/hashicorp/aws\"]",
      "instances": [
        {
          "schema_version": 0,
          "attributes": {
            "acceleration_status": "",
            "acl": null,
            "arn": "arn:aws:s3:::jabu-datalake-488186fc",
            "bucket": "jabu-datalake-488186fc",
            "bucket_domain_name": "jabu-datalake-488186fc.s3.amazonaws.com",
            "bucket_prefix": "",
            "bucket_region": "us-east-1",
            "bucket_regional_domain_name": "jabu-datalake-488186fc.s3.us-east-1.amazonaws.com",
            "cors_rule": [],
            "force_destroy": false,
            "grant": [
              {
                "id": "c6837724bc3eb28b45b19641ca9e281f961f09b9a41dcb34bae76689b2bd6a5d",
                "permissions": [
                  "FULL_CONTROL"
                ],
                "type": "CanonicalUser",
                "uri": ""
              }
            ],
            "hosted_zone_id": "Z3AQBSTGFYJSTF",
            "id": "jabu-datalake-488186fc",
            "lifecycle_rule": [
              {
                "abort_incomplete_multipart_upload_days": 0,
                "enabled": true,
                "expiration": [
                  {
                    "date": "",
                    "days": 7,
                    "expired_object_delete_marker": false
                  }
                ],
                "id": "cleanup-raw-zone",
                "noncurrent_version_expiration": [],
                "noncurrent_version_transition": [],
                "prefix": "raw/",
                "tags": {},
                "transition": []
              },
              {
                "abort_incomplete_multipart_upload_days": 0,
                "enabled": true,
                "expiration": [
                  {
                    "date": "",
                    "days": 30,
                    "expired_object_delete_marker": false
                  }
                ],
                "id": "cleanup-curated-zone",
                "noncurrent_version_expiration": [],
                "noncurrent_version_transition": [],
                "prefix": "curated/",
                "tags": {},
                "transition": []
              }
            ],
            "logging": [],
            "object_lock_configuration": [],
            "object_lock_enabled": false,
            "policy": "",
            "region": "us-east-1",
            "replication_configuration": [],
            "request_payer": "BucketOwner",
            "server_side_encryption_configuration": [
              {
                "rule": [
                  {
                    "apply_server_side_encryption_by_default": [
                      {
                        "kms_master_key_id": "",
                        "sse_algorithm": "AES256"
                      }
                    ],
                    "bucket_key_enabled": false
                  }
                ]
              }
            ],
            "tags": {
              "Environment": "dev",
              "Name": "Multi-Tenant Data Lake",
              "Project": "Demo-Datalake"
            },
            "tags_all": {
              "Environment": "dev",
              "Name": "Multi-Tenant Data Lake",
              "Project": "Demo-Datalake"
            },
            "timeouts": null,
            "versioning": [
              {
                "enabled": false,
                "mfa_delete": false
              }
            ],
            "website": [],
            "website_domain": null,
            "website_endpoint": null
          },
          "sensitive_attributes": [],
          "identity_schema_version": 0,
          "identity": {
            "account_id": "766789219705",
            "bucket": "jabu-datalake-488186fc",
            "region": "us-east-1"
          },
          "private": "eyJlMmJmYjczMC1lY2FhLTExZTYtOGY4OC0zNDM2M2JjN2M0YzAiOnsiY3JlYXRlIjoxMjAwMDAwMDAwMDAwLCJkZWxldGUiOjM2MDAwMDAwMDAwMDAsInJlYWQiOjEyMDAwMDAwMDAwMDAsInVwZGF0ZSI6MTIwMDAwMDAwMDAwMH19",
          "dependencies": [
            "module.storage.random_id.bucket_suffix"
          ]
        }
      ]
    },
    {
      "module": "module.storage",
      "mode": "managed",
      "type": "aws_s3_bucket_lifecycle_configuration",
      "name": "datalake",
      "provider": "provider[\"registry.terraform.io/hashicorp/aws\"]",
      "instances": [
        {
          "schema_version": 1,
          "attributes": {
            "bucket": "jabu-datalake-488186fc",
            "expected_bucket_owner": "",
            "id": "jabu-datalake-488186fc",
            "region": "us-east-1",
            "rule": [
              {
                "abort_incomplete_multipart_upload": [],
                "expiration": [
                  {
                    "date": null,
                    "days": 7,
                    "expired_object_delete_marker": false
                  }
                ],
                "filter": [
                  {
                    "and": [],
                    "object_size_greater_than": null,
                    "object_size_less_than": null,
                    "prefix": "raw/",
                    "tag": []
                  }
                ],
                "id": "cleanup-raw-zone",
                "noncurrent_version_expiration": [],
                "noncurrent_version_transition": [],
                "prefix": "",
                "status": "Enabled",
                "transition": []
              },
              {
                "abort_incomplete_multipart_upload": [],
                "expiration": [
                  {
                    "date": null,
                    "days": 30,
                    "expired_object_delete_marker": false
                  }
                ],
                "filter": [
                  {
                    "and": [],
                    "object_size_greater_than": null,
                    "object_size_less_than": null,
                    "prefix": "curated/",
                    "tag": []
                  }
                ],
                "id": "cleanup-curated-zone",
                "noncurrent_version_expiration": [],
                "noncurrent_version_transition": [],
                "prefix": "",
                "status": "Enabled",
                "transition": []
              }
            ],
            "timeouts": null,
            "transition_default_minimum_object_size": "all_storage_classes_128K"
          },
          "sensitive_attributes": [],
          "identity_schema_version": 0,
          "dependencies": [
            "module.storage.aws_s3_bucket.datalake_bucket",
            "module.storage.random_id.bucket_suffix"
          ]
        }
      ]
    },
    {
      "module": "module.storage",
      "mode": "managed",
      "type": "aws_s3_bucket_public_access_block",
      "name": "datalake",
      "provider": "provider[\"registry.terraform.io/hashicorp/aws\"]",
      "instances": [
        {
          "schema_version": 0,
          "attributes": {
            "block_public_acls": true,
            "block_public_policy": true,
            "bucket": "jabu-datalake-488186fc",
            "id": "jabu-datalake-488186fc",
            "ignore_public_acls": true,
            "region": "us-east-1",
            "restrict_public_buckets": true,
            "skip_destroy": null
          },
          "sensitive_attributes": [],
          "identity_schema_version": 0,
          "identity": {
            "account_id": "766789219705",
            "bucket": "jabu-datalake-488186fc",
            "region": "us-east-1"
          },
          "private": "bnVsbA==",
          "dependencies": [
            "module.storage.aws_s3_bucket.datalake_bucket",
            "module.storage.random_id.bucket_suffix"
          ]
        }
      ]
    },
    {
      "module": "module.storage",
      "mode": "managed",
      "type": "aws_s3_bucket_server_side_encryption_configuration",
      "name": "datalake",
      "provider": "provider[\"registry.terraform.io/hashicorp/aws\"]",
      "instances": [
        {
          "schema_version": 0,
          "attributes": {
            "bucket": "jabu-datalake-488186fc",
            "expected_bucket_owner": "",
            "id": "jabu-datalake-488186fc",
            "region": "us-east-1",
            "rule": [
              {
                "apply_server_side_encryption_by_default": [
                  {
                    "kms_master_key_id": "",
                    "sse_algorithm": "AES256"
                  }
                ],
                "blocked_encryption_types": [],
                "bucket_key_enabled": false
              }
            ]
          },
          "sensitive_attributes": [],
          "identity_schema_version": 1,
          "identity": {
            "account_id": "766789219705",
            "bucket": "jabu-datalake-488186fc",
            "region": "us-east-1"
          },
          "private": "bnVsbA==",
          "dependencies": [
            "module.storage.aws_s3_bucket.datalake_bucket",
            "module.storage.random_id.bucket_suffix"
          ]
        }
      ]
    },
    {
      "module": "module.storage",
      "mode": "managed",
      "type": "random_id",
      "name": "bucket_suffix",
      "provider": "provider[\"registry.terraform.io/hashicorp/random\"]",
      "instances": [
        {
          "schema_version": 0,
          "attributes": {
            "b64_std": "SIGG/A==",
            "b64_url": "SIGG_A",
            "byte_length": 4,
            "dec": "1216448252",
            "hex": "488186fc",
            "id": "SIGG_A",
            "keepers": null,
            "prefix": null
          },
          "sensitive_attributes": [],
          "identity_schema_version": 0
        }
      ]
    }
  ],
  "check_results": null
}
